PODS:
  - NISDK3 (0.5.1)
  - SWXMLHash (5.0.1)

DEPENDENCIES:
  - NISDK3 (from `../`)
  - SWXMLHash

SPEC REPOS:
  trunk:
    - SWXMLHash

EXTERNAL SOURCES:
  NISDK3:
    :path: "../"

SPEC CHECKSUMS:
  NISDK3: 0208aebc5eeec25a54460bb446cf15850500c9d0
  SWXMLHash: 9cc0c2e4807926c74377724aa8722ee5707a0485

PODFILE CHECKSUM: 2b13afd575fa34b15f532ac24c2dc37d7bc36d4b

COCOAPODS: 1.9.3
