PODS:
  - NISDK3 (1.0.6)
  - SWXMLHash (5.0.1)

DEPENDENCIES:
  - NISDK3 (from `../`)
  - SWXMLHash (= 5.0.1)

SPEC REPOS:
  trunk:
    - SWXMLHash

EXTERNAL SOURCES:
  NISDK3:
    :path: "../"

SPEC CHECKSUMS:
  NISDK3: eeae7646ff9e3a982b39bca54d2cc1d405f08724
  SWXMLHash: 9cc0c2e4807926c74377724aa8722ee5707a0485

PODFILE CHECKSUM: 494072d78080bebecc5ef8c783cd0fb6e8839daa

COCOAPODS: 1.11.2
