PODS:
  - NISDK3 (1.0.4)
  - SWXMLHash (5.0.1)

DEPENDENCIES:
  - NISDK3 (from `../`)
  - SWXMLHash

SPEC REPOS:
  trunk:
    - SWXMLHash

EXTERNAL SOURCES:
  NISDK3:
    :path: "../"

SPEC CHECKSUMS:
  NISDK3: 05fcc4180a5f9c12ffd623ed181051290b4712a1
  SWXMLHash: 9cc0c2e4807926c74377724aa8722ee5707a0485

PODFILE CHECKSUM: 2b13afd575fa34b15f532ac24c2dc37d7bc36d4b

COCOAPODS: 1.10.1
